
Microsoft Visual Studio Solution File, Format Version 12.00
# Visual Studio Version 17
VisualStudioVersion = 17.14.36127.28
MinimumVisualStudioVersion = 10.0.40219.1
Project("{2150E333-8FDC-42A3-9474-1A3956D46DE8}") = "Src", "Src", "{02EA681E-C7D8-13C7-8484-4AC65E1B71E8}"
EndProject
Project("{2150E333-8FDC-42A3-9474-1A3956D46DE8}") = "Core", "Core", "{0D0CF0C3-3EEE-4943-9A96-C16CD16AE8C1}"
EndProject
Project("{2150E333-8FDC-42A3-9474-1A3956D46DE8}") = "API", "API", "{99C366DE-5A89-42E0-8EEC-77EB1D2755E4}"
EndProject
Project("{2150E333-8FDC-42A3-9474-1A3956D46DE8}") = "Infrastructure", "Infrastructure", "{6CBAF109-2193-4C84-9B32-34A8EF16B372}"
EndProject
Project("{FAE04EC0-301F-11D3-BF4B-00C04F79EFBC}") = "Bank.API", "SRC\API\Bank.API\Bank.API.csproj", "{26BA1E3F-611C-45D0-8138-1E717109E670}"
EndProject
Project("{FAE04EC0-301F-11D3-BF4B-00C04F79EFBC}") = "Bank.Application", "SRC\CORE\Bank.Application\Bank.Application.csproj", "{4BFD6A6C-C1D4-488B-8FF1-0B86B53358A2}"
EndProject
Project("{FAE04EC0-301F-11D3-BF4B-00C04F79EFBC}") = "Bank.Domain", "SRC\CORE\Bank.Domain\Bank.Domain.csproj", "{8089A03D-B782-49D0-BC3B-4AFE70C4EDAF}"
EndProject
Project("{FAE04EC0-301F-11D3-BF4B-00C04F79EFBC}") = "Bank.Identity", "SRC\Infrastructure\Bank.Identity\Bank.Identity.csproj", "{8F4DFEF0-51C4-4349-9A75-D27BB05BDDD2}"
EndProject
Project("{FAE04EC0-301F-11D3-BF4B-00C04F79EFBC}") = "Bank.Infrastructure", "SRC\Infrastructure\Bank.Infrastructure\Bank.Infrastructure.csproj", "{1EB9C8AC-D4FD-44FE-81EB-7DD3756EB518}"
EndProject
Project("{FAE04EC0-301F-11D3-BF4B-00C04F79EFBC}") = "Bank.Persistance", "Bank.Persistance\Bank.Persistance.csproj", "{3968D912-381E-4BD5-84B1-72931A36BF66}"
EndProject
Project("{2150E333-8FDC-42A3-9474-1A3956D46DE8}") = "Solution Items", "Solution Items", "{8EC462FD-D22E-90A8-E5CE-7E832BA40C5D}"
	ProjectSection(SolutionItems) = preProject
		.gitignore = .gitignore
	EndProjectSection
EndProject
Global
	GlobalSection(SolutionConfigurationPlatforms) = preSolution
		Debug|Any CPU = Debug|Any CPU
		Release|Any CPU = Release|Any CPU
	EndGlobalSection
	GlobalSection(ProjectConfigurationPlatforms) = postSolution
		{26BA1E3F-611C-45D0-8138-1E717109E670}.Debug|Any CPU.ActiveCfg = Debug|Any CPU
		{26BA1E3F-611C-45D0-8138-1E717109E670}.Debug|Any CPU.Build.0 = Debug|Any CPU
		{26BA1E3F-611C-45D0-8138-1E717109E670}.Release|Any CPU.ActiveCfg = Release|Any CPU
		{26BA1E3F-611C-45D0-8138-1E717109E670}.Release|Any CPU.Build.0 = Release|Any CPU
		{4BFD6A6C-C1D4-488B-8FF1-0B86B53358A2}.Debug|Any CPU.ActiveCfg = Debug|Any CPU
		{4BFD6A6C-C1D4-488B-8FF1-0B86B53358A2}.Debug|Any CPU.Build.0 = Debug|Any CPU
		{4BFD6A6C-C1D4-488B-8FF1-0B86B53358A2}.Release|Any CPU.ActiveCfg = Release|Any CPU
		{4BFD6A6C-C1D4-488B-8FF1-0B86B53358A2}.Release|Any CPU.Build.0 = Release|Any CPU
		{8089A03D-B782-49D0-BC3B-4AFE70C4EDAF}.Debug|Any CPU.ActiveCfg = Debug|Any CPU
		{8089A03D-B782-49D0-BC3B-4AFE70C4EDAF}.Debug|Any CPU.Build.0 = Debug|Any CPU
		{8089A03D-B782-49D0-BC3B-4AFE70C4EDAF}.Release|Any CPU.ActiveCfg = Release|Any CPU
		{8089A03D-B782-49D0-BC3B-4AFE70C4EDAF}.Release|Any CPU.Build.0 = Release|Any CPU
		{8F4DFEF0-51C4-4349-9A75-D27BB05BDDD2}.Debug|Any CPU.ActiveCfg = Debug|Any CPU
		{8F4DFEF0-51C4-4349-9A75-D27BB05BDDD2}.Debug|Any CPU.Build.0 = Debug|Any CPU
		{8F4DFEF0-51C4-4349-9A75-D27BB05BDDD2}.Release|Any CPU.ActiveCfg = Release|Any CPU
		{8F4DFEF0-51C4-4349-9A75-D27BB05BDDD2}.Release|Any CPU.Build.0 = Release|Any CPU
		{1EB9C8AC-D4FD-44FE-81EB-7DD3756EB518}.Debug|Any CPU.ActiveCfg = Debug|Any CPU
		{1EB9C8AC-D4FD-44FE-81EB-7DD3756EB518}.Debug|Any CPU.Build.0 = Debug|Any CPU
		{1EB9C8AC-D4FD-44FE-81EB-7DD3756EB518}.Release|Any CPU.ActiveCfg = Release|Any CPU
		{1EB9C8AC-D4FD-44FE-81EB-7DD3756EB518}.Release|Any CPU.Build.0 = Release|Any CPU
		{3968D912-381E-4BD5-84B1-72931A36BF66}.Debug|Any CPU.ActiveCfg = Debug|Any CPU
		{3968D912-381E-4BD5-84B1-72931A36BF66}.Debug|Any CPU.Build.0 = Debug|Any CPU
		{3968D912-381E-4BD5-84B1-72931A36BF66}.Release|Any CPU.ActiveCfg = Release|Any CPU
		{3968D912-381E-4BD5-84B1-72931A36BF66}.Release|Any CPU.Build.0 = Release|Any CPU
	EndGlobalSection
	GlobalSection(SolutionProperties) = preSolution
		HideSolutionNode = FALSE
	EndGlobalSection
	GlobalSection(NestedProjects) = preSolution
		{0D0CF0C3-3EEE-4943-9A96-C16CD16AE8C1} = {02EA681E-C7D8-13C7-8484-4AC65E1B71E8}
		{99C366DE-5A89-42E0-8EEC-77EB1D2755E4} = {02EA681E-C7D8-13C7-8484-4AC65E1B71E8}
		{6CBAF109-2193-4C84-9B32-34A8EF16B372} = {02EA681E-C7D8-13C7-8484-4AC65E1B71E8}
		{26BA1E3F-611C-45D0-8138-1E717109E670} = {99C366DE-5A89-42E0-8EEC-77EB1D2755E4}
		{4BFD6A6C-C1D4-488B-8FF1-0B86B53358A2} = {0D0CF0C3-3EEE-4943-9A96-C16CD16AE8C1}
		{8089A03D-B782-49D0-BC3B-4AFE70C4EDAF} = {0D0CF0C3-3EEE-4943-9A96-C16CD16AE8C1}
		{8F4DFEF0-51C4-4349-9A75-D27BB05BDDD2} = {6CBAF109-2193-4C84-9B32-34A8EF16B372}
		{1EB9C8AC-D4FD-44FE-81EB-7DD3756EB518} = {6CBAF109-2193-4C84-9B32-34A8EF16B372}
		{3968D912-381E-4BD5-84B1-72931A36BF66} = {6CBAF109-2193-4C84-9B32-34A8EF16B372}
	EndGlobalSection
	GlobalSection(ExtensibilityGlobals) = postSolution
		SolutionGuid = {F4165CCB-6B02-4EAB-9DFA-B5EF58D7113E}
	EndGlobalSection
EndGlobal
